
Microsoft Visual Studio Solution File, Format Version 12.00
# Visual Studio Version 17
VisualStudioVersion = 17.4.33122.133
MinimumVisualStudioVersion = 10.0.40219.1
Project("{9A19103F-16F7-4668-BE54-9A1E7A4F7556}") = "compiler", "compiler\compiler.csproj", "{781943C7-D8D5-4EA5-9C8A-7D6E9A1ECBA7}"
EndProject
Global
	GlobalSection(SolutionConfigurationPlatforms) = preSolution
		Debug|Any CPU = Debug|Any CPU
		Release|Any CPU = Release|Any CPU
	EndGlobalSection
	GlobalSection(ProjectConfigurationPlatforms) = postSolution
		{781943C7-D8D5-4EA5-9C8A-7D6E9A1ECBA7}.Debug|Any CPU.ActiveCfg = Debug|Any CPU
		{781943C7-D8D5-4EA5-9C8A-7D6E9A1ECBA7}.Debug|Any CPU.Build.0 = Debug|Any CPU
		{781943C7-D8D5-4EA5-9C8A-7D6E9A1ECBA7}.Release|Any CPU.ActiveCfg = Release|Any CPU
		{781943C7-D8D5-4EA5-9C8A-7D6E9A1ECBA7}.Release|Any CPU.Build.0 = Release|Any CPU
	EndGlobalSection
	GlobalSection(SolutionProperties) = preSolution
		HideSolutionNode = FALSE
	EndGlobalSection
	GlobalSection(ExtensibilityGlobals) = postSolution
		SolutionGuid = {C4569263-D1B6-428C-B87D-2192EDF5A8DB}
	EndGlobalSection
EndGlobal
